
Microsoft Visual Studio Solution File, Format Version 12.00
# Visual Studio Version 17
VisualStudioVersion = 17.3.32929.385
MinimumVisualStudioVersion = 10.0.40219.1
Project("{FAE04EC0-301F-11D3-BF4B-00C04F79EFBC}") = "ChatLiveServer", "WPF-ServerTcp\ChatLiveServer.csproj", "{3B6AB8B7-6A25-4B46-9F5A-1C38FDA8B4F6}"
EndProject
Global
	GlobalSection(SolutionConfigurationPlatforms) = preSolution
		Debug|Any CPU = Debug|Any CPU
		Release|Any CPU = Release|Any CPU
	EndGlobalSection
	GlobalSection(ProjectConfigurationPlatforms) = postSolution
		{3B6AB8B7-6A25-4B46-9F5A-1C38FDA8B4F6}.Debug|Any CPU.ActiveCfg = Debug|Any CPU
		{3B6AB8B7-6A25-4B46-9F5A-1C38FDA8B4F6}.Debug|Any CPU.Build.0 = Debug|Any CPU
		{3B6AB8B7-6A25-4B46-9F5A-1C38FDA8B4F6}.Release|Any CPU.ActiveCfg = Release|Any CPU
		{3B6AB8B7-6A25-4B46-9F5A-1C38FDA8B4F6}.Release|Any CPU.Build.0 = Release|Any CPU
	EndGlobalSection
	GlobalSection(SolutionProperties) = preSolution
		HideSolutionNode = FALSE
	EndGlobalSection
	GlobalSection(ExtensibilityGlobals) = postSolution
		SolutionGuid = {B501FEE6-89D7-47E1-88CB-190BFB8D8B54}
	EndGlobalSection
EndGlobal
